
Microsoft Visual Studio Solution File, Format Version 12.00
# Visual Studio 2012
Project("{FAE04EC0-301F-11D3-BF4B-00C04F79EFBC}") = "Tri", "Tri.csproj", "{E82E74EE-06FC-4CE5-9E4D-2AAC7C187A83}"
EndProject
Project("{FAE04EC0-301F-11D3-BF4B-00C04F79EFBC}") = "UnitTestTri", "..\UnitTestTri\UnitTestTri.csproj", "{FA04246A-A8DA-4FF8-A232-AE4B22CFAA33}"
EndProject
Global
	GlobalSection(SolutionConfigurationPlatforms) = preSolution
		Debug|Any CPU = Debug|Any CPU
		Release|Any CPU = Release|Any CPU
	EndGlobalSection
	GlobalSection(ProjectConfigurationPlatforms) = postSolution
		{E82E74EE-06FC-4CE5-9E4D-2AAC7C187A83}.Debug|Any CPU.ActiveCfg = Debug|Any CPU
		{E82E74EE-06FC-4CE5-9E4D-2AAC7C187A83}.Debug|Any CPU.Build.0 = Debug|Any CPU
		{E82E74EE-06FC-4CE5-9E4D-2AAC7C187A83}.Release|Any CPU.ActiveCfg = Release|Any CPU
		{E82E74EE-06FC-4CE5-9E4D-2AAC7C187A83}.Release|Any CPU.Build.0 = Release|Any CPU
		{FA04246A-A8DA-4FF8-A232-AE4B22CFAA33}.Debug|Any CPU.ActiveCfg = Debug|Any CPU
		{FA04246A-A8DA-4FF8-A232-AE4B22CFAA33}.Debug|Any CPU.Build.0 = Debug|Any CPU
		{FA04246A-A8DA-4FF8-A232-AE4B22CFAA33}.Release|Any CPU.ActiveCfg = Release|Any CPU
		{FA04246A-A8DA-4FF8-A232-AE4B22CFAA33}.Release|Any CPU.Build.0 = Release|Any CPU
	EndGlobalSection
	GlobalSection(SolutionProperties) = preSolution
		HideSolutionNode = FALSE
	EndGlobalSection
EndGlobal
